// !$*UTF8*$!
{
	archiveVersion = 1;
	classes = {
	};
	objectVersion = 48;
	objects = {

/* Begin PBXBuildFile section */
		3FF6E9CF2007DE05005FC56B /* AppDelegate.swift in Sources */ = {isa = PBXBuildFile; fileRef = 3FF6E9CE2007DE05005FC56B /* AppDelegate.swift */; };
		3FF6E9D12007DE05005FC56B /* ViewController.swift in Sources */ = {isa = PBXBuildFile; fileRef = 3FF6E9D02007DE05005FC56B /* ViewController.swift */; };
		3FF6E9D42007DE05005FC56B /* Main.storyboard in Resources */ = {isa = PBXBuildFile; fileRef = 3FF6E9D22007DE05005FC56B /* Main.storyboard */; };
		3FF6E9D62007DE05005FC56B /* Assets.xcassets in Resources */ = {isa = PBXBuildFile; fileRef = 3FF6E9D52007DE05005FC56B /* Assets.xcassets */; };
		3FF6E9D92007DE05005FC56B /* LaunchScreen.storyboard in Resources */ = {isa = PBXBuildFile; fileRef = 3FF6E9D72007DE05005FC56B /* LaunchScreen.storyboard */; };
		3FF6E9E42007DE05005FC56B /* PickADriverTests.swift in Sources */ = {isa = PBXBuildFile; fileRef = 3FF6E9E32007DE05005FC56B /* PickADriverTests.swift */; };
		3FF6E9EF2007DE06005FC56B /* PickADriverUITests.swift in Sources */ = {isa = PBXBuildFile; fileRef = 3FF6E9EE2007DE06005FC56B /* PickADriverUITests.swift */; };
/* End PBXBuildFile section */

/* Begin PBXContainerItemProxy section */
		3FF6E9E02007DE05005FC56B /* PBXContainerItemProxy */ = {
			isa = PBXContainerItemProxy;
			containerPortal = 3FF6E9C32007DE05005FC56B /* Project object */;
			proxyType = 1;
			remoteGlobalIDString = 3FF6E9CA2007DE05005FC56B;
			remoteInfo = PickADriver;
		};
		3FF6E9EB2007DE06005FC56B /* PBXContainerItemProxy */ = {
			isa = PBXContainerItemProxy;
			containerPortal = 3FF6E9C32007DE05005FC56B /* Project object */;
			proxyType = 1;
			remoteGlobalIDString = 3FF6E9CA2007DE05005FC56B;
			remoteInfo = PickADriver;
		};
/* End PBXContainerItemProxy section */

/* Begin PBXFileReference section */
		3FF6E9CB2007DE05005FC56B /* PickADriver.app */ = {isa = PBXFileReference; explicitFileType = wrapper.application; includeInIndex = 0; path = PickADriver.app; sourceTree = BUILT_PRODUCTS_DIR; };
		3FF6E9CE2007DE05005FC56B /* AppDelegate.swift */ = {isa = PBXFileReference; lastKnownFileType = sourcecode.swift; path = AppDelegate.swift; sourceTree = "<group>"; };
		3FF6E9D02007DE05005FC56B /* ViewController.swift */ = {isa = PBXFileReference; lastKnownFileType = sourcecode.swift; path = ViewController.swift; sourceTree = "<group>"; };
		3FF6E9D32007DE05005FC56B /* Base */ = {isa = PBXFileReference; lastKnownFileType = file.storyboard; name = Base; path = Base.lproj/Main.storyboard; sourceTree = "<group>"; };
		3FF6E9D52007DE05005FC56B /* Assets.xcassets */ = {isa = PBXFileReference; lastKnownFileType = folder.assetcatalog; path = Assets.xcassets; sourceTree = "<group>"; };
		3FF6E9D82007DE05005FC56B /* Base */ = {isa = PBXFileReference; lastKnownFileType = file.storyboard; name = Base; path = Base.lproj/LaunchScreen.storyboard; sourceTree = "<group>"; };
		3FF6E9DA2007DE05005FC56B /* Info.plist */ = {isa = PBXFileReference; lastKnownFileType = text.plist.xml; path = Info.plist; sourceTree = "<group>"; };
		3FF6E9DF2007DE05005FC56B /* PickADriverTests.xctest */ = {isa = PBXFileReference; explicitFileType = wrapper.cfbundle; includeInIndex = 0; path = PickADriverTests.xctest; sourceTree = BUILT_PRODUCTS_DIR; };
		3FF6E9E32007DE05005FC56B /* PickADriverTests.swift */ = {isa = PBXFileReference; lastKnownFileType = sourcecode.swift; path = PickADriverTests.swift; sourceTree = "<group>"; };
		3FF6E9E52007DE05005FC56B /* Info.plist */ = {isa = PBXFileReference; lastKnownFileType = text.plist.xml; path = Info.plist; sourceTree = "<group>"; };
		3FF6E9EA2007DE06005FC56B /* PickADriverUITests.xctest */ = {isa = PBXFileReference; explicitFileType = wrapper.cfbundle; includeInIndex = 0; path = PickADriverUITests.xctest; sourceTree = BUILT_PRODUCTS_DIR; };
		3FF6E9EE2007DE06005FC56B /* PickADriverUITests.swift */ = {isa = PBXFileReference; lastKnownFileType = sourcecode.swift; path = PickADriverUITests.swift; sourceTree = "<group>"; };
		3FF6E9F02007DE06005FC56B /* Info.plist */ = {isa = PBXFileReference; lastKnownFileType = text.plist.xml; path = Info.plist; sourceTree = "<group>"; };
/* End PBXFileReference section */

/* Begin PBXFrameworksBuildPhase section */
		3FF6E9C82007DE05005FC56B /* Frameworks */ = {
			isa = PBXFrameworksBuildPhase;
			buildActionMask = 2147483647;
			files = (
			);
			runOnlyForDeploymentPostprocessing = 0;
		};
		3FF6E9DC2007DE05005FC56B /* Frameworks */ = {
			isa = PBXFrameworksBuildPhase;
			buildActionMask = 2147483647;
			files = (
			);
			runOnlyForDeploymentPostprocessing = 0;
		};
		3FF6E9E72007DE06005FC56B /* Frameworks */ = {
			isa = PBXFrameworksBuildPhase;
			buildActionMask = 2147483647;
			files = (
			);
			runOnlyForDeploymentPostprocessing = 0;
		};
/* End PBXFrameworksBuildPhase section */

/* Begin PBXGroup section */
		3FF6E9C22007DE05005FC56B = {
			isa = PBXGroup;
			children = (
				3FF6E9CD2007DE05005FC56B /* PickADriver */,
				3FF6E9E22007DE05005FC56B /* PickADriverTests */,
				3FF6E9ED2007DE06005FC56B /* PickADriverUITests */,
				3FF6E9CC2007DE05005FC56B /* Products */,
			);
			sourceTree = "<group>";
		};
		3FF6E9CC2007DE05005FC56B /* Products */ = {
			isa = PBXGroup;
			children = (
				3FF6E9CB2007DE05005FC56B /* PickADriver.app */,
				3FF6E9DF2007DE05005FC56B /* PickADriverTests.xctest */,
				3FF6E9EA2007DE06005FC56B /* PickADriverUITests.xctest */,
			);
			name = Products;
			sourceTree = "<group>";
		};
		3FF6E9CD2007DE05005FC56B /* PickADriver */ = {
			isa = PBXGroup;
			children = (
				3FF6E9CE2007DE05005FC56B /* AppDelegate.swift */,
				3FF6E9D02007DE05005FC56B /* ViewController.swift */,
				3FF6E9D22007DE05005FC56B /* Main.storyboard */,
				3FF6E9D52007DE05005FC56B /* Assets.xcassets */,
				3FF6E9D72007DE05005FC56B /* LaunchScreen.storyboard */,
				3FF6E9DA2007DE05005FC56B /* Info.plist */,
			);
			path = PickADriver;
			sourceTree = "<group>";
		};
		3FF6E9E22007DE05005FC56B /* PickADriverTests */ = {
			isa = PBXGroup;
			children = (
				3FF6E9E32007DE05005FC56B /* PickADriverTests.swift */,
				3FF6E9E52007DE05005FC56B /* Info.plist */,
			);
			path = PickADriverTests;
			sourceTree = "<group>";
		};
		3FF6E9ED2007DE06005FC56B /* PickADriverUITests */ = {
			isa = PBXGroup;
			children = (
				3FF6E9EE2007DE06005FC56B /* PickADriverUITests.swift */,
				3FF6E9F02007DE06005FC56B /* Info.plist */,
			);
			path = PickADriverUITests;
			sourceTree = "<group>";
		};
/* End PBXGroup section */

/* Begin PBXNativeTarget section */
		3FF6E9CA2007DE05005FC56B /* PickADriver */ = {
			isa = PBXNativeTarget;
			buildConfigurationList = 3FF6E9F32007DE06005FC56B /* Build configuration list for PBXNativeTarget "PickADriver" */;
			buildPhases = (
				3FF6E9C72007DE05005FC56B /* Sources */,
				3FF6E9C82007DE05005FC56B /* Frameworks */,
				3FF6E9C92007DE05005FC56B /* Resources */,
			);
			buildRules = (
			);
			dependencies = (
			);
			name = PickADriver;
			productName = PickADriver;
			productReference = 3FF6E9CB2007DE05005FC56B /* PickADriver.app */;
			productType = "com.apple.product-type.application";
		};
		3FF6E9DE2007DE05005FC56B /* PickADriverTests */ = {
			isa = PBXNativeTarget;
			buildConfigurationList = 3FF6E9F62007DE06005FC56B /* Build configuration list for PBXNativeTarget "PickADriverTests" */;
			buildPhases = (
				3FF6E9DB2007DE05005FC56B /* Sources */,
				3FF6E9DC2007DE05005FC56B /* Frameworks */,
				3FF6E9DD2007DE05005FC56B /* Resources */,
			);
			buildRules = (
			);
			dependencies = (
				3FF6E9E12007DE05005FC56B /* PBXTargetDependency */,
			);
			name = PickADriverTests;
			productName = PickADriverTests;
			productReference = 3FF6E9DF2007DE05005FC56B /* PickADriverTests.xctest */;
			productType = "com.apple.product-type.bundle.unit-test";
		};
		3FF6E9E92007DE06005FC56B /* PickADriverUITests */ = {
			isa = PBXNativeTarget;
			buildConfigurationList = 3FF6E9F92007DE06005FC56B /* Build configuration list for PBXNativeTarget "PickADriverUITests" */;
			buildPhases = (
				3FF6E9E62007DE06005FC56B /* Sources */,
				3FF6E9E72007DE06005FC56B /* Frameworks */,
				3FF6E9E82007DE06005FC56B /* Resources */,
			);
			buildRules = (
			);
			dependencies = (
				3FF6E9EC2007DE06005FC56B /* PBXTargetDependency */,
			);
			name = PickADriverUITests;
			productName = PickADriverUITests;
			productReference = 3FF6E9EA2007DE06005FC56B /* PickADriverUITests.xctest */;
			productType = "com.apple.product-type.bundle.ui-testing";
		};
/* End PBXNativeTarget section */

/* Begin PBXProject section */
		3FF6E9C32007DE05005FC56B /* Project object */ = {
			isa = PBXProject;
			attributes = {
				LastSwiftUpdateCheck = 0920;
				LastUpgradeCheck = 0920;
				ORGANIZATIONNAME = "Amer M";
				TargetAttributes = {
					3FF6E9CA2007DE05005FC56B = {
						CreatedOnToolsVersion = 9.2;
						ProvisioningStyle = Automatic;
					};
					3FF6E9DE2007DE05005FC56B = {
						CreatedOnToolsVersion = 9.2;
						ProvisioningStyle = Automatic;
						TestTargetID = 3FF6E9CA2007DE05005FC56B;
					};
					3FF6E9E92007DE06005FC56B = {
						CreatedOnToolsVersion = 9.2;
						ProvisioningStyle = Automatic;
						TestTargetID = 3FF6E9CA2007DE05005FC56B;
					};
				};
			};
			buildConfigurationList = 3FF6E9C62007DE05005FC56B /* Build configuration list for PBXProject "PickADriver" */;
			compatibilityVersion = "Xcode 8.0";
			developmentRegion = en;
			hasScannedForEncodings = 0;
			knownRegions = (
				en,
				Base,
			);
			mainGroup = 3FF6E9C22007DE05005FC56B;
			productRefGroup = 3FF6E9CC2007DE05005FC56B /* Products */;
			projectDirPath = "";
			projectRoot = "";
			targets = (
				3FF6E9CA2007DE05005FC56B /* PickADriver */,
				3FF6E9DE2007DE05005FC56B /* PickADriverTests */,
				3FF6E9E92007DE06005FC56B /* PickADriverUITests */,
			);
		};
/* End PBXProject section */

/* Begin PBXResourcesBuildPhase section */
		3FF6E9C92007DE05005FC56B /* Resources */ = {
			isa = PBXResourcesBuildPhase;
			buildActionMask = 2147483647;
			files = (
				3FF6E9D92007DE05005FC56B /* LaunchScreen.storyboard in Resources */,
				3FF6E9D62007DE05005FC56B /* Assets.xcassets in Resources */,
				3FF6E9D42007DE05005FC56B /* Main.storyboard in Resources */,
			);
			runOnlyForDeploymentPostprocessing = 0;
		};
		3FF6E9DD2007DE05005FC56B /* Resources */ = {
			isa = PBXResourcesBuildPhase;
			buildActionMask = 2147483647;
			files = (
			);
			runOnlyForDeploymentPostprocessing = 0;
		};
		3FF6E9E82007DE06005FC56B /* Resources */ = {
			isa = PBXResourcesBuildPhase;
			buildActionMask = 2147483647;
			files = (
			);
			runOnlyForDeploymentPostprocessing = 0;
		};
/* End PBXResourcesBuildPhase section */

/* Begin PBXSourcesBuildPhase section */
		3FF6E9C72007DE05005FC56B /* Sources */ = {
			isa = PBXSourcesBuildPhase;
			buildActionMask = 2147483647;
			files = (
				3FF6E9D12007DE05005FC56B /* ViewController.swift in Sources */,
				3FF6E9CF2007DE05005FC56B /* AppDelegate.swift in Sources */,
			);
			runOnlyForDeploymentPostprocessing = 0;
		};
		3FF6E9DB2007DE05005FC56B /* Sources */ = {
			isa = PBXSourcesBuildPhase;
			buildActionMask = 2147483647;
			files = (
				3FF6E9E42007DE05005FC56B /* PickADriverTests.swift in Sources */,
			);
			runOnlyForDeploymentPostprocessing = 0;
		};
		3FF6E9E62007DE06005FC56B /* Sources */ = {
			isa = PBXSourcesBuildPhase;
			buildActionMask = 2147483647;
			files = (
				3FF6E9EF2007DE06005FC56B /* PickADriverUITests.swift in Sources */,
			);
			runOnlyForDeploymentPostprocessing = 0;
		};
/* End PBXSourcesBuildPhase section */

/* Begin PBXTargetDependency section */
		3FF6E9E12007DE05005FC56B /* PBXTargetDependency */ = {
			isa = PBXTargetDependency;
			target = 3FF6E9CA2007DE05005FC56B /* PickADriver */;
			targetProxy = 3FF6E9E02007DE05005FC56B /* PBXContainerItemProxy */;
		};
		3FF6E9EC2007DE06005FC56B /* PBXTargetDependency */ = {
			isa = PBXTargetDependency;
			target = 3FF6E9CA2007DE05005FC56B /* PickADriver */;
			targetProxy = 3FF6E9EB2007DE06005FC56B /* PBXContainerItemProxy */;
		};
/* End PBXTargetDependency section */

/* Begin PBXVariantGroup section */
		3FF6E9D22007DE05005FC56B /* Main.storyboard */ = {
			isa = PBXVariantGroup;
			children = (
				3FF6E9D32007DE05005FC56B /* Base */,
			);
			name = Main.storyboard;
			sourceTree = "<group>";
		};
		3FF6E9D72007DE05005FC56B /* LaunchScreen.storyboard */ = {
			isa = PBXVariantGroup;
			children = (
				3FF6E9D82007DE05005FC56B /* Base */,
			);
			name = LaunchScreen.storyboard;
			sourceTree = "<group>";
		};
/* End PBXVariantGroup section */

/* Begin XCBuildConfiguration section */
		3FF6E9F12007DE06005FC56B /* Debug */ = {
			isa = XCBuildConfiguration;
			buildSettings = {
				ALWAYS_SEARCH_USER_PATHS = NO;
				CLANG_ANALYZER_NONNULL = YES;
				CLANG_ANALYZER_NUMBER_OBJECT_CONVERSION = YES_AGGRESSIVE;
				CLANG_CXX_LANGUAGE_STANDARD = "gnu++14";
				CLANG_CXX_LIBRARY = "libc++";
				CLANG_ENABLE_MODULES = YES;
				CLANG_ENABLE_OBJC_ARC = YES;
				CLANG_WARN_BLOCK_CAPTURE_AUTORELEASING = YES;
				CLANG_WARN_BOOL_CONVERSION = YES;
				CLANG_WARN_COMMA = YES;
				CLANG_WARN_CONSTANT_CONVERSION = YES;
				CLANG_WARN_DIRECT_OBJC_ISA_USAGE = YES_ERROR;
				CLANG_WARN_DOCUMENTATION_COMMENTS = YES;
				CLANG_WARN_EMPTY_BODY = YES;
				CLANG_WARN_ENUM_CONVERSION = YES;
				CLANG_WARN_INFINITE_RECURSION = YES;
				CLANG_WARN_INT_CONVERSION = YES;
				CLANG_WARN_NON_LITERAL_NULL_CONVERSION = YES;
				CLANG_WARN_OBJC_LITERAL_CONVERSION = YES;
				CLANG_WARN_OBJC_ROOT_CLASS = YES_ERROR;
				CLANG_WARN_RANGE_LOOP_ANALYSIS = YES;
				CLANG_WARN_STRICT_PROTOTYPES = YES;
				CLANG_WARN_SUSPICIOUS_MOVE = YES;
				CLANG_WARN_UNGUARDED_AVAILABILITY = YES_AGGRESSIVE;
				CLANG_WARN_UNREACHABLE_CODE = YES;
				CLANG_WARN__DUPLICATE_METHOD_MATCH = YES;
				CODE_SIGN_IDENTITY = "iPhone Developer";
				COPY_PHASE_STRIP = NO;
				DEBUG_INFORMATION_FORMAT = dwarf;
				ENABLE_STRICT_OBJC_MSGSEND = YES;
				ENABLE_TESTABILITY = YES;
				GCC_C_LANGUAGE_STANDARD = gnu11;
				GCC_DYNAMIC_NO_PIC = NO;
				GCC_NO_COMMON_BLOCKS = YES;
				GCC_OPTIMIZATION_LEVEL = 0;
				GCC_PREPROCESSOR_DEFINITIONS = (
					"DEBUG=1",
					"$(inherited)",
				);
				GCC_WARN_64_TO_32_BIT_CONVERSION = YES;
				GCC_WARN_ABOUT_RETURN_TYPE = YES_ERROR;
				GCC_WARN_UNDECLARED_SELECTOR = YES;
				GCC_WARN_UNINITIALIZED_AUTOS = YES_AGGRESSIVE;
				GCC_WARN_UNUSED_FUNCTION = YES;
				GCC_WARN_UNUSED_VARIABLE = YES;
				IPHONEOS_DEPLOYMENT_TARGET = 11.2;
				MTL_ENABLE_DEBUG_INFO = YES;
				ONLY_ACTIVE_ARCH = YES;
				SDKROOT = iphoneos;
				SWIFT_ACTIVE_COMPILATION_CONDITIONS = DEBUG;
				SWIFT_OPTIMIZATION_LEVEL = "-Onone";
			};
			name = Debug;
		};
		3FF6E9F22007DE06005FC56B /* Release */ = {
			isa = XCBuildConfiguration;
			buildSettings = {
				ALWAYS_SEARCH_USER_PATHS = NO;
				CLANG_ANALYZER_NONNULL = YES;
				CLANG_ANALYZER_NUMBER_OBJECT_CONVERSION = YES_AGGRESSIVE;
				CLANG_CXX_LANGUAGE_STANDARD = "gnu++14";
				CLANG_CXX_LIBRARY = "libc++";
				CLANG_ENABLE_MODULES = YES;
				CLANG_ENABLE_OBJC_ARC = YES;
				CLANG_WARN_BLOCK_CAPTURE_AUTORELEASING = YES;
				CLANG_WARN_BOOL_CONVERSION = YES;
				CLANG_WARN_COMMA = YES;
				CLANG_WARN_CONSTANT_CONVERSION = YES;
				CLANG_WARN_DIRECT_OBJC_ISA_USAGE = YES_ERROR;
				CLANG_WARN_DOCUMENTATION_COMMENTS = YES;
				CLANG_WARN_EMPTY_BODY = YES;
				CLANG_WARN_ENUM_CONVERSION = YES;
				CLANG_WARN_INFINITE_RECURSION = YES;
				CLANG_WARN_INT_CONVERSION = YES;
				CLANG_WARN_NON_LITERAL_NULL_CONVERSION = YES;
				CLANG_WARN_OBJC_LITERAL_CONVERSION = YES;
				CLANG_WARN_OBJC_ROOT_CLASS = YES_ERROR;
				CLANG_WARN_RANGE_LOOP_ANALYSIS = YES;
				CLANG_WARN_STRICT_PROTOTYPES = YES;
				CLANG_WARN_SUSPICIOUS_MOVE = YES;
				CLANG_WARN_UNGUARDED_AVAILABILITY = YES_AGGRESSIVE;
				CLANG_WARN_UNREACHABLE_CODE = YES;
				CLANG_WARN__DUPLICATE_METHOD_MATCH = YES;
				CODE_SIGN_IDENTITY = "iPhone Developer";
				COPY_PHASE_STRIP = NO;
				DEBUG_INFORMATION_FORMAT = "dwarf-with-dsym";
				ENABLE_NS_ASSERTIONS = NO;
				ENABLE_STRICT_OBJC_MSGSEND = YES;
				GCC_C_LANGUAGE_STANDARD = gnu11;
				GCC_NO_COMMON_BLOCKS = YES;
				GCC_WARN_64_TO_32_BIT_CONVERSION = YES;
				GCC_WARN_ABOUT_RETURN_TYPE = YES_ERROR;
				GCC_WARN_UNDECLARED_SELECTOR = YES;
				GCC_WARN_UNINITIALIZED_AUTOS = YES_AGGRESSIVE;
				GCC_WARN_UNUSED_FUNCTION = YES;
				GCC_WARN_UNUSED_VARIABLE = YES;
				IPHONEOS_DEPLOYMENT_TARGET = 11.2;
				MTL_ENABLE_DEBUG_INFO = NO;
				SDKROOT = iphoneos;
				SWIFT_OPTIMIZATION_LEVEL = "-Owholemodule";
				VALIDATE_PRODUCT = YES;
			};
			name = Release;
		};
		3FF6E9F42007DE06005FC56B /* Debug */ = {
			isa = XCBuildConfiguration;
			buildSettings = {
				ASSETCATALOG_COMPILER_APPICON_NAME = AppIcon;
				CODE_SIGN_STYLE = Automatic;
				DEVELOPMENT_TEAM = GLDTEVFYK5;
				INFOPLIST_FILE = PickADriver/Info.plist;
				LD_RUNPATH_SEARCH_PATHS = "$(inherited) @executable_path/Frameworks";
				PRODUCT_BUNDLE_IDENTIFIER = "Student-bhs.PickADriver";
				PRODUCT_NAME = "$(TARGET_NAME)";
				SWIFT_VERSION = 4.0;
				TARGETED_DEVICE_FAMILY = "1,2";
			};
			name = Debug;
		};
		3FF6E9F52007DE06005FC56B /* Release */ = {
			isa = XCBuildConfiguration;
			buildSettings = {
				ASSETCATALOG_COMPILER_APPICON_NAME = AppIcon;
				CODE_SIGN_STYLE = Automatic;
				DEVELOPMENT_TEAM = GLDTEVFYK5;
				INFOPLIST_FILE = PickADriver/Info.plist;
				LD_RUNPATH_SEARCH_PATHS = "$(inherited) @executable_path/Frameworks";
				PRODUCT_BUNDLE_IDENTIFIER = "Student-bhs.PickADriver";
				PRODUCT_NAME = "$(TARGET_NAME)";
				SWIFT_VERSION = 4.0;
				TARGETED_DEVICE_FAMILY = "1,2";
			};
			name = Release;
		};
		3FF6E9F72007DE06005FC56B /* Debug */ = {
			isa = XCBuildConfiguration;
			buildSettings = {
				ALWAYS_EMBED_SWIFT_STANDARD_LIBRARIES = YES;
				BUNDLE_LOADER = "$(TEST_HOST)";
				CODE_SIGN_STYLE = Automatic;
				DEVELOPMENT_TEAM = GLDTEVFYK5;
				INFOPLIST_FILE = PickADriverTests/Info.plist;
				LD_RUNPATH_SEARCH_PATHS = "$(inherited) @executable_path/Frameworks @loader_path/Frameworks";
				PRODUCT_BUNDLE_IDENTIFIER = "Student-bhs.PickADriverTests";
				PRODUCT_NAME = "$(TARGET_NAME)";
				SWIFT_VERSION = 4.0;
				TARGETED_DEVICE_FAMILY = "1,2";
				TEST_HOST = "$(BUILT_PRODUCTS_DIR)/PickADriver.app/PickADriver";
			};
			name = Debug;
		};
		3FF6E9F82007DE06005FC56B /* Release */ = {
			isa = XCBuildConfiguration;
			buildSettings = {
				ALWAYS_EMBED_SWIFT_STANDARD_LIBRARIES = YES;
				BUNDLE_LOADER = "$(TEST_HOST)";
				CODE_SIGN_STYLE = Automatic;
				DEVELOPMENT_TEAM = GLDTEVFYK5;
				INFOPLIST_FILE = PickADriverTests/Info.plist;
				LD_RUNPATH_SEARCH_PATHS = "$(inherited) @executable_path/Frameworks @loader_path/Frameworks";
				PRODUCT_BUNDLE_IDENTIFIER = "Student-bhs.PickADriverTests";
				PRODUCT_NAME = "$(TARGET_NAME)";
				SWIFT_VERSION = 4.0;
				TARGETED_DEVICE_FAMILY = "1,2";
				TEST_HOST = "$(BUILT_PRODUCTS_DIR)/PickADriver.app/PickADriver";
			};
			name = Release;
		};
		3FF6E9FA2007DE06005FC56B /* Debug */ = {
			isa = XCBuildConfiguration;
			buildSettings = {
				ALWAYS_EMBED_SWIFT_STANDARD_LIBRARIES = YES;
				CODE_SIGN_STYLE = Automatic;
				DEVELOPMENT_TEAM = GLDTEVFYK5;
				INFOPLIST_FILE = PickADriverUITests/Info.plist;
				LD_RUNPATH_SEARCH_PATHS = "$(inherited) @executable_path/Frameworks @loader_path/Frameworks";
				PRODUCT_BUNDLE_IDENTIFIER = "Student-bhs.PickADriverUITests";
				PRODUCT_NAME = "$(TARGET_NAME)";
				SWIFT_VERSION = 4.0;
				TARGETED_DEVICE_FAMILY = "1,2";
				TEST_TARGET_NAME = PickADriver;
			};
			name = Debug;
		};
		3FF6E9FB2007DE06005FC56B /* Release */ = {
			isa = XCBuildConfiguration;
			buildSettings = {
				ALWAYS_EMBED_SWIFT_STANDARD_LIBRARIES = YES;
				CODE_SIGN_STYLE = Automatic;
				DEVELOPMENT_TEAM = GLDTEVFYK5;
				INFOPLIST_FILE = PickADriverUITests/Info.plist;
				LD_RUNPATH_SEARCH_PATHS = "$(inherited) @executable_path/Frameworks @loader_path/Frameworks";
				PRODUCT_BUNDLE_IDENTIFIER = "Student-bhs.PickADriverUITests";
				PRODUCT_NAME = "$(TARGET_NAME)";
				SWIFT_VERSION = 4.0;
				TARGETED_DEVICE_FAMILY = "1,2";
				TEST_TARGET_NAME = PickADriver;
			};
			name = Release;
		};
/* End XCBuildConfiguration section */

/* Begin XCConfigurationList section */
		3FF6E9C62007DE05005FC56B /* Build configuration list for PBXProject "PickADriver" */ = {
			isa = XCConfigurationList;
			buildConfigurations = (
				3FF6E9F12007DE06005FC56B /* Debug */,
				3FF6E9F22007DE06005FC56B /* Release */,
			);
			defaultConfigurationIsVisible = 0;
			defaultConfigurationName = Release;
		};
		3FF6E9F32007DE06005FC56B /* Build configuration list for PBXNativeTarget "PickADriver" */ = {
			isa = XCConfigurationList;
			buildConfigurations = (
				3FF6E9F42007DE06005FC56B /* Debug */,
				3FF6E9F52007DE06005FC56B /* Release */,
			);
			defaultConfigurationIsVisible = 0;
			defaultConfigurationName = Release;
		};
		3FF6E9F62007DE06005FC56B /* Build configuration list for PBXNativeTarget "PickADriverTests" */ = {
			isa = XCConfigurationList;
			buildConfigurations = (
				3FF6E9F72007DE06005FC56B /* Debug */,
				3FF6E9F82007DE06005FC56B /* Release */,
			);
			defaultConfigurationIsVisible = 0;
			defaultConfigurationName = Release;
		};
		3FF6E9F92007DE06005FC56B /* Build configuration list for PBXNativeTarget "PickADriverUITests" */ = {
			isa = XCConfigurationList;
			buildConfigurations = (
				3FF6E9FA2007DE06005FC56B /* Debug */,
				3FF6E9FB2007DE06005FC56B /* Release */,
			);
			defaultConfigurationIsVisible = 0;
			defaultConfigurationName = Release;
		};
/* End XCConfigurationList section */
	};
	rootObject = 3FF6E9C32007DE05005FC56B /* Project object */;
}
